[[package]]
category = "main"
description = "Python HTTP for Humans."
name = "requests"
optional = false
python-versions = "*"
version = "2.7.0"

[package.extras]
security = ["pyopenssl", "ndg-httpsclient", "pyasn1"]

[[package]]
category = "main"
description = "A Telegram bot library, with simple route decorators."
name = "telebot"
optional = false
python-versions = "*"
version = "0.0.3"

[package.dependencies]
requests = "2.7.0"

[metadata]
content-hash = "9c81be31b741bd24a71b45a76dfef9a0a56599918cd671961b21529f6c98ce2e"
python-versions = "^3.8"

[metadata.files]
requests = [
    {file = "requests-2.7.0-py2.py3-none-any.whl", hash = "sha256:20f976cdce02a42b69ce80e9e03897a51814b36d448b37288546086ebc473146"},
    {file = "requests-2.7.0.tar.gz", hash = "sha256:398a3db6d61899d25fd4a06c6ca12051b0ce171d705decd7ed5511517b4bb93d"},
]
telebot = [
    {file = "telebot-0.0.3.tar.gz", hash = "sha256:f9f9dfd706de3ea10d1bb626dc8c453f98b8daaabfdd11030ea7506ced0a914a"},
]
